<?xml version="1.0" encoding="utf-8"?>
<Project ToolsVersion="4.0" xmlns="http://schemas.microsoft.com/developer/msbuild/2003">
  <ItemGroup>
    <Filter Include="Source Files">
      <UniqueIdentifier>{4FC737F1-C7A5-4376-A066-2A32D752A2FF}</UniqueIdentifier>
      <Extensions>cpp;c;cc;cxx;def;odl;idl;hpj;bat;asm;asmx</Extensions>
    </Filter>
    <Filter Include="Header Files">
      <UniqueIdentifier>{93995380-89BD-4b04-88EB-625FBE52EBFB}</UniqueIdentifier>
      <Extensions>h;hh;hpp;hxx;hm;inl;inc;ipp;xsd</Extensions>
    </Filter>
    <Filter Include="Header Files\Entity">
      <UniqueIdentifier>{3777a083-dffe-4179-ad0c-aa9f3e4c232b}</UniqueIdentifier>
    </Filter>
    <Filter Include="Header Files\Components">
      <UniqueIdentifier>{226c3b95-dcb3-4ee2-aa90-63944a55b981}</UniqueIdentifier>
    </Filter>
    <Filter Include="Header Files\Graphics">
      <UniqueIdentifier>{9d33e3ac-cda3-41ec-bb7e-3038c767bb9a}</UniqueIdentifier>
    </Filter>
    <Filter Include="Source Files\Entity">
      <UniqueIdentifier>{e166ca25-1f34-41ed-b012-499d2f496983}</UniqueIdentifier>
    </Filter>
    <Filter Include="Source Files\Components">
      <UniqueIdentifier>{230af953-aa4d-436e-a512-9761a572dfb7}</UniqueIdentifier>
    </Filter>
    <Filter Include="Resource Files">
      <UniqueIdentifier>{67DA6AB6-F800-4c08-8B7A-83BB121AAD01}</UniqueIdentifier>
      <Extensions>rc;ico;cur;bmp;dlg;rc2;rct;bin;rgs;gif;jpg;jpeg;jpe;resx;tiff;tif;png;wav;mfcribbon-ms</Extensions>
    </Filter>
    <Filter Include="Source Files\Graphics">
      <UniqueIdentifier>{b397fdb4-155e-4bbc-bf2c-970456bac5b5}</UniqueIdentifier>
    </Filter>
    <Filter Include="Header Files\Components\Collider">
      <UniqueIdentifier>{65402173-7aaf-4767-97b7-07fe1f5dc816}</UniqueIdentifier>
    </Filter>
    <Filter Include="Header Files\Components\Drawable">
      <UniqueIdentifier>{6401f7ee-09c8-4987-a571-c1dfea82af5c}</UniqueIdentifier>
    </Filter>
    <Filter Include="Source Files\Components\Collider">
      <UniqueIdentifier>{f17085c5-e6d4-4e2a-b1d7-9079b4604a43}</UniqueIdentifier>
    </Filter>
    <Filter Include="Source Files\Components\Drawable">
      <UniqueIdentifier>{a9dcbd39-aa7d-41f1-8944-10009427d10c}</UniqueIdentifier>
    </Filter>
  </ItemGroup>
  <ItemGroup>
    <ClInclude Include="Headers\Event.h">
      <Filter>Header Files</Filter>
    </ClInclude>
    <ClInclude Include="Headers\StepTimer.h">
      <Filter>Header Files</Filter>
    </ClInclude>
    <ClInclude Include="Headers\Entity.h">
      <Filter>Header Files\Entity</Filter>
    </ClInclude>
    <ClInclude Include="Headers\Component.h">
      <Filter>Header Files\Components</Filter>
    </ClInclude>
    <ClInclude Include="Headers\Components.h">
      <Filter>Header Files\Components</Filter>
    </ClInclude>
    <ClInclude Include="Headers\DeviceResources.h">
      <Filter>Header Files\Graphics</Filter>
    </ClInclude>
    <ClInclude Include="Headers\Graphics.h">
      <Filter>Header Files\Graphics</Filter>
    </ClInclude>
    <ClInclude Include="Headers\Scene.h">
      <Filter>Header Files\Entity</Filter>
    </ClInclude>
    <ClInclude Include="Headers\ResourceStorage.h">
      <Filter>Header Files\Graphics</Filter>
    </ClInclude>
    <ClInclude Include="Headers\Collider.h">
      <Filter>Header Files\Components\Collider</Filter>
    </ClInclude>
    <ClInclude Include="Headers\BoxCollider.h">
      <Filter>Header Files\Components\Collider</Filter>
    </ClInclude>
    <ClInclude Include="Headers\Colliders.h">
      <Filter>Header Files\Components\Collider</Filter>
    </ClInclude>
    <ClInclude Include="Headers\CollisionShape.h">
      <Filter>Header Files\Components\Collider</Filter>
    </ClInclude>
    <ClInclude Include="Headers\SphereCollider.h">
      <Filter>Header Files\Components\Collider</Filter>
    </ClInclude>
    <ClInclude Include="Headers\Sprite.h">
      <Filter>Header Files\Components\Drawable</Filter>
    </ClInclude>
    <ClInclude Include="Headers\Drawable.h">
      <Filter>Header Files\Components\Drawable</Filter>
    </ClInclude>
  </ItemGroup>
  <ItemGroup>
    <ClCompile Include="Source\Event.cpp">
      <Filter>Source Files</Filter>
    </ClCompile>
    <ClCompile Include="Source\main.cpp">
      <Filter>Source Files</Filter>
    </ClCompile>
    <ClCompile Include="Source\Component.cpp">
      <Filter>Source Files\Components</Filter>
    </ClCompile>
    <ClCompile Include="Source\Entity.cpp">
      <Filter>Source Files\Entity</Filter>
    </ClCompile>
    <ClCompile Include="Source\Scene.cpp">
      <Filter>Source Files\Entity</Filter>
    </ClCompile>
    <ClCompile Include="Source\DeviceResources.cpp">
      <Filter>Source Files\Graphics</Filter>
    </ClCompile>
    <ClCompile Include="Source\Graphics.cpp">
      <Filter>Source Files\Graphics</Filter>
    </ClCompile>
    <ClCompile Include="Source\ResourceStorage.cpp">
      <Filter>Source Files\Graphics</Filter>
    </ClCompile>
    <ClCompile Include="Source\SphereCollider.cpp">
      <Filter>Source Files\Components\Collider</Filter>
    </ClCompile>
    <ClCompile Include="Source\BoxCollider.cpp">
      <Filter>Source Files\Components\Collider</Filter>
    </ClCompile>
    <ClCompile Include="Source\Collider.cpp">
      <Filter>Source Files\Components\Collider</Filter>
    </ClCompile>
    <ClCompile Include="Source\Sprite.cpp">
      <Filter>Source Files\Components\Drawable</Filter>
    </ClCompile>
    <ClCompile Include="Source\Drawable.cpp">
      <Filter>Source Files\Components\Drawable</Filter>
    </ClCompile>
  </ItemGroup>
  <ItemGroup>
    <None Include="packages.config" />
  </ItemGroup>
</Project>